
Microsoft Visual Studio Solution File, Format Version 12.00
# Visual Studio Version 17
VisualStudioVersion = 17.14.36301.6
MinimumVisualStudioVersion = 10.0.40219.1
Project("{FAE04EC0-301F-11D3-BF4B-00C04F79EFBC}") = "BusinessObjects", "BusinessObjects\BusinessObjects.csproj", "{47DD3BC9-D82C-4E08-BF5C-B1E2AE679453}"
EndProject
Project("{FAE04EC0-301F-11D3-BF4B-00C04F79EFBC}") = "DataAccessObjects", "DataAccessObjects\DataAccessObjects.csproj", "{A1477BBE-7AD2-44B0-BFB1-2C7A6A175587}"
EndProject
Project("{FAE04EC0-301F-11D3-BF4B-00C04F79EFBC}") = "Repositories", "Repositories\Repositories.csproj", "{EFD04557-B515-4356-A82F-EF1413EE3FB8}"
EndProject
Project("{FAE04EC0-301F-11D3-BF4B-00C04F79EFBC}") = "Services", "Services\Services.csproj", "{5E6378AF-D89E-4E6B-9A53-5E729505CEBA}"
EndProject
Project("{FAE04EC0-301F-11D3-BF4B-00C04F79EFBC}") = "AlphaAPI", "AlphaAPI\AlphaAPI.csproj", "{BE76C2F4-0BA5-412F-AD12-1843689F0648}"
EndProject
Global
	GlobalSection(SolutionConfigurationPlatforms) = preSolution
		Debug|Any CPU = Debug|Any CPU
		Release|Any CPU = Release|Any CPU
	EndGlobalSection
	GlobalSection(ProjectConfigurationPlatforms) = postSolution
		{47DD3BC9-D82C-4E08-BF5C-B1E2AE679453}.Debug|Any CPU.ActiveCfg = Debug|Any CPU
		{47DD3BC9-D82C-4E08-BF5C-B1E2AE679453}.Debug|Any CPU.Build.0 = Debug|Any CPU
		{47DD3BC9-D82C-4E08-BF5C-B1E2AE679453}.Release|Any CPU.ActiveCfg = Release|Any CPU
		{47DD3BC9-D82C-4E08-BF5C-B1E2AE679453}.Release|Any CPU.Build.0 = Release|Any CPU
		{A1477BBE-7AD2-44B0-BFB1-2C7A6A175587}.Debug|Any CPU.ActiveCfg = Debug|Any CPU
		{A1477BBE-7AD2-44B0-BFB1-2C7A6A175587}.Debug|Any CPU.Build.0 = Debug|Any CPU
		{A1477BBE-7AD2-44B0-BFB1-2C7A6A175587}.Release|Any CPU.ActiveCfg = Release|Any CPU
		{A1477BBE-7AD2-44B0-BFB1-2C7A6A175587}.Release|Any CPU.Build.0 = Release|Any CPU
		{EFD04557-B515-4356-A82F-EF1413EE3FB8}.Debug|Any CPU.ActiveCfg = Debug|Any CPU
		{EFD04557-B515-4356-A82F-EF1413EE3FB8}.Debug|Any CPU.Build.0 = Debug|Any CPU
		{EFD04557-B515-4356-A82F-EF1413EE3FB8}.Release|Any CPU.ActiveCfg = Release|Any CPU
		{EFD04557-B515-4356-A82F-EF1413EE3FB8}.Release|Any CPU.Build.0 = Release|Any CPU
		{5E6378AF-D89E-4E6B-9A53-5E729505CEBA}.Debug|Any CPU.ActiveCfg = Debug|Any CPU
		{5E6378AF-D89E-4E6B-9A53-5E729505CEBA}.Debug|Any CPU.Build.0 = Debug|Any CPU
		{5E6378AF-D89E-4E6B-9A53-5E729505CEBA}.Release|Any CPU.ActiveCfg = Release|Any CPU
		{5E6378AF-D89E-4E6B-9A53-5E729505CEBA}.Release|Any CPU.Build.0 = Release|Any CPU
		{BE76C2F4-0BA5-412F-AD12-1843689F0648}.Debug|Any CPU.ActiveCfg = Debug|Any CPU
		{BE76C2F4-0BA5-412F-AD12-1843689F0648}.Debug|Any CPU.Build.0 = Debug|Any CPU
		{BE76C2F4-0BA5-412F-AD12-1843689F0648}.Release|Any CPU.ActiveCfg = Release|Any CPU
		{BE76C2F4-0BA5-412F-AD12-1843689F0648}.Release|Any CPU.Build.0 = Release|Any CPU
	EndGlobalSection
	GlobalSection(SolutionProperties) = preSolution
		HideSolutionNode = FALSE
	EndGlobalSection
	GlobalSection(ExtensibilityGlobals) = postSolution
		SolutionGuid = {5B5A1F41-B5CC-48B5-A4CE-C07A1524A2AF}
	EndGlobalSection
EndGlobal
